
Microsoft Visual Studio Solution File, Format Version 12.00
# Visual Studio Version 17
VisualStudioVersion = 17.3.32901.215
MinimumVisualStudioVersion = 10.0.40219.1
Project("{9A19103F-16F7-4668-BE54-9A1E7A4F7556}") = "ObjectsAndClasses", "Classes.Lesson\ObjectsAndClasses.csproj", "{C936BB5C-C61F-42E0-8330-21C8BE41BC17}"
EndProject
Project("{9A19103F-16F7-4668-BE54-9A1E7A4F7556}") = "AbstractInterface", "AbstractInterface.Lesson\AbstractInterface.csproj", "{870172AD-F086-4E4D-93D6-E879D94535E3}"
EndProject
Project("{9A19103F-16F7-4668-BE54-9A1E7A4F7556}") = "Polimorfismo", "Polimorfismo\Polimorfismo.csproj", "{D88BA14C-95DD-4BAF-96F8-BBBA7C1EC47F}"
EndProject
Project("{9A19103F-16F7-4668-BE54-9A1E7A4F7556}") = "Associatons", "Associatons\Associatons.csproj", "{91B5A8E9-3CE4-4132-A50F-0A9BFAB097E7}"
EndProject
Project("{9A19103F-16F7-4668-BE54-9A1E7A4F7556}") = "AccessModifiers", "AccessModifiers\AccessModifiers.csproj", "{BAB2EEAA-196C-404E-A1C0-EF464AFA53CB}"
EndProject
Project("{9A19103F-16F7-4668-BE54-9A1E7A4F7556}") = "MemoryManagement", "MemoryManagement\MemoryManagement.csproj", "{62053F4E-4183-4C5C-BD6F-DCC8A14784DD}"
EndProject
Project("{9A19103F-16F7-4668-BE54-9A1E7A4F7556}") = "Arrays", "Arrays\Arrays.csproj", "{4F330621-C34B-42C0-8320-AB60499C68F0}"
EndProject
Project("{9A19103F-16F7-4668-BE54-9A1E7A4F7556}") = "DateTimeManagement", "Date\DateTimeManagement.csproj", "{010F755D-4BBD-4D9D-97A4-09AF8EF805C9}"
EndProject
Project("{9A19103F-16F7-4668-BE54-9A1E7A4F7556}") = "SongStreaming", "SongStreaming\SongStreaming.csproj", "{243B4187-426C-4316-83F3-BFCAA9E0F437}"
EndProject
Project("{9A19103F-16F7-4668-BE54-9A1E7A4F7556}") = "Singleton", "Singleton\Singleton.csproj", "{71FFE710-13B5-49C7-BA2D-A1A423F4D9CC}"
EndProject
Project("{9A19103F-16F7-4668-BE54-9A1E7A4F7556}") = "ByRef", "Refs\ByRef.csproj", "{16C732FB-742E-4F7D-BBED-28CBDB2BED88}"
EndProject
Project("{9A19103F-16F7-4668-BE54-9A1E7A4F7556}") = "FileSystemManagement", "FileSystemManagement\FileSystemManagement.csproj", "{6886F084-E3D6-49AB-97CE-2A947E35DFF9}"
EndProject
Project("{9A19103F-16F7-4668-BE54-9A1E7A4F7556}") = "ListAndArrayList", "ListAndArrayList\ListAndArrayList.csproj", "{E7869029-02D7-4E31-9531-197983F52D79}"
EndProject
Project("{9A19103F-16F7-4668-BE54-9A1E7A4F7556}") = "Dictionaries", "Dictionary.Lesson\Dictionaries.csproj", "{424D77E7-B3D9-4EC8-BE5B-D2803E07B676}"
EndProject
Project("{9A19103F-16F7-4668-BE54-9A1E7A4F7556}") = "GenericsLesson", "Generics\GenericsLesson.csproj", "{E89FAA5C-91C6-493F-A75F-C288ECD526FD}"
EndProject
Project("{9A19103F-16F7-4668-BE54-9A1E7A4F7556}") = "MSLogging", "MSLogging\MSLogging.csproj", "{09546B89-6686-4C7A-B02E-646109EBBECB}"
EndProject
Project("{9A19103F-16F7-4668-BE54-9A1E7A4F7556}") = "ProjectConfiguration", "ProjectConfiguration\ProjectConfiguration.csproj", "{8ACE0FAA-7559-47AC-9537-0B0ECD4E902C}"
EndProject
Project("{9A19103F-16F7-4668-BE54-9A1E7A4F7556}") = "DataTableLesson", "DataTableLesson\DataTableLesson.csproj", "{E1C6E633-1C49-4783-B569-17B9F48A571B}"
EndProject
Project("{9A19103F-16F7-4668-BE54-9A1E7A4F7556}") = "Reflection.Intro", "Reflection.Intro\Reflection.Intro.csproj", "{D9DB7F6F-9CCD-4376-AC85-B3A8C2DB9FF0}"
EndProject
Project("{9A19103F-16F7-4668-BE54-9A1E7A4F7556}") = "Exception.Lesson", "Exception.Lesson\Exception.Lesson.csproj", "{E4F6C9BF-288A-4553-BEB8-D7E26066899B}"
EndProject
Project("{9A19103F-16F7-4668-BE54-9A1E7A4F7556}") = "SerilogConfiguration", "SerilogConfiguration\SerilogConfiguration.csproj", "{EFA7ECA2-36C9-4DA0-9E4A-F6C10FEC6A21}"
EndProject
Project("{9A19103F-16F7-4668-BE54-9A1E7A4F7556}") = "LinqToObjects", "LinqToObjects\LinqToObjects.csproj", "{219383D8-B3D2-4E69-83D5-7650D56E44F8}"
EndProject
Project("{9A19103F-16F7-4668-BE54-9A1E7A4F7556}") = "Ioc", "Ioc\Ioc.csproj", "{9E300ECF-1DDD-4DFC-BDC7-7FC5F6722E04}"
EndProject
Project("{9A19103F-16F7-4668-BE54-9A1E7A4F7556}") = "AbstractFactory", "AbstractFactory\AbstractFactory.csproj", "{4464A372-004B-4CA2-B7F4-A4E62138C138}"
EndProject
Project("{9A19103F-16F7-4668-BE54-9A1E7A4F7556}") = "Delegate.Lesson", "Delegate.Lesson\Delegate.Lesson.csproj", "{A08D6023-CD55-426D-BF6E-37AF3FE24578}"
EndProject
Project("{FAE04EC0-301F-11D3-BF4B-00C04F79EFBC}") = "EventsLesson", "EventsLesson\EventsLesson.csproj", "{34F6443F-8F7B-4C03-B2C1-A137791491D9}"
EndProject
Global
	GlobalSection(SolutionConfigurationPlatforms) = preSolution
		Debug|Any CPU = Debug|Any CPU
		Release|Any CPU = Release|Any CPU
	EndGlobalSection
	GlobalSection(ProjectConfigurationPlatforms) = postSolution
		{C936BB5C-C61F-42E0-8330-21C8BE41BC17}.Debug|Any CPU.ActiveCfg = Debug|Any CPU
		{C936BB5C-C61F-42E0-8330-21C8BE41BC17}.Debug|Any CPU.Build.0 = Debug|Any CPU
		{C936BB5C-C61F-42E0-8330-21C8BE41BC17}.Release|Any CPU.ActiveCfg = Release|Any CPU
		{C936BB5C-C61F-42E0-8330-21C8BE41BC17}.Release|Any CPU.Build.0 = Release|Any CPU
		{870172AD-F086-4E4D-93D6-E879D94535E3}.Debug|Any CPU.ActiveCfg = Debug|Any CPU
		{870172AD-F086-4E4D-93D6-E879D94535E3}.Debug|Any CPU.Build.0 = Debug|Any CPU
		{870172AD-F086-4E4D-93D6-E879D94535E3}.Release|Any CPU.ActiveCfg = Release|Any CPU
		{870172AD-F086-4E4D-93D6-E879D94535E3}.Release|Any CPU.Build.0 = Release|Any CPU
		{D88BA14C-95DD-4BAF-96F8-BBBA7C1EC47F}.Debug|Any CPU.ActiveCfg = Debug|Any CPU
		{D88BA14C-95DD-4BAF-96F8-BBBA7C1EC47F}.Debug|Any CPU.Build.0 = Debug|Any CPU
		{D88BA14C-95DD-4BAF-96F8-BBBA7C1EC47F}.Release|Any CPU.ActiveCfg = Release|Any CPU
		{D88BA14C-95DD-4BAF-96F8-BBBA7C1EC47F}.Release|Any CPU.Build.0 = Release|Any CPU
		{91B5A8E9-3CE4-4132-A50F-0A9BFAB097E7}.Debug|Any CPU.ActiveCfg = Debug|Any CPU
		{91B5A8E9-3CE4-4132-A50F-0A9BFAB097E7}.Debug|Any CPU.Build.0 = Debug|Any CPU
		{91B5A8E9-3CE4-4132-A50F-0A9BFAB097E7}.Release|Any CPU.ActiveCfg = Release|Any CPU
		{91B5A8E9-3CE4-4132-A50F-0A9BFAB097E7}.Release|Any CPU.Build.0 = Release|Any CPU
		{BAB2EEAA-196C-404E-A1C0-EF464AFA53CB}.Debug|Any CPU.ActiveCfg = Debug|Any CPU
		{BAB2EEAA-196C-404E-A1C0-EF464AFA53CB}.Debug|Any CPU.Build.0 = Debug|Any CPU
		{BAB2EEAA-196C-404E-A1C0-EF464AFA53CB}.Release|Any CPU.ActiveCfg = Release|Any CPU
		{BAB2EEAA-196C-404E-A1C0-EF464AFA53CB}.Release|Any CPU.Build.0 = Release|Any CPU
		{62053F4E-4183-4C5C-BD6F-DCC8A14784DD}.Debug|Any CPU.ActiveCfg = Debug|Any CPU
		{62053F4E-4183-4C5C-BD6F-DCC8A14784DD}.Debug|Any CPU.Build.0 = Debug|Any CPU
		{62053F4E-4183-4C5C-BD6F-DCC8A14784DD}.Release|Any CPU.ActiveCfg = Release|Any CPU
		{62053F4E-4183-4C5C-BD6F-DCC8A14784DD}.Release|Any CPU.Build.0 = Release|Any CPU
		{4F330621-C34B-42C0-8320-AB60499C68F0}.Debug|Any CPU.ActiveCfg = Debug|Any CPU
		{4F330621-C34B-42C0-8320-AB60499C68F0}.Debug|Any CPU.Build.0 = Debug|Any CPU
		{4F330621-C34B-42C0-8320-AB60499C68F0}.Release|Any CPU.ActiveCfg = Release|Any CPU
		{4F330621-C34B-42C0-8320-AB60499C68F0}.Release|Any CPU.Build.0 = Release|Any CPU
		{010F755D-4BBD-4D9D-97A4-09AF8EF805C9}.Debug|Any CPU.ActiveCfg = Debug|Any CPU
		{010F755D-4BBD-4D9D-97A4-09AF8EF805C9}.Debug|Any CPU.Build.0 = Debug|Any CPU
		{010F755D-4BBD-4D9D-97A4-09AF8EF805C9}.Release|Any CPU.ActiveCfg = Release|Any CPU
		{010F755D-4BBD-4D9D-97A4-09AF8EF805C9}.Release|Any CPU.Build.0 = Release|Any CPU
		{243B4187-426C-4316-83F3-BFCAA9E0F437}.Debug|Any CPU.ActiveCfg = Debug|Any CPU
		{243B4187-426C-4316-83F3-BFCAA9E0F437}.Debug|Any CPU.Build.0 = Debug|Any CPU
		{243B4187-426C-4316-83F3-BFCAA9E0F437}.Release|Any CPU.ActiveCfg = Release|Any CPU
		{243B4187-426C-4316-83F3-BFCAA9E0F437}.Release|Any CPU.Build.0 = Release|Any CPU
		{71FFE710-13B5-49C7-BA2D-A1A423F4D9CC}.Debug|Any CPU.ActiveCfg = Debug|Any CPU
		{71FFE710-13B5-49C7-BA2D-A1A423F4D9CC}.Debug|Any CPU.Build.0 = Debug|Any CPU
		{71FFE710-13B5-49C7-BA2D-A1A423F4D9CC}.Release|Any CPU.ActiveCfg = Release|Any CPU
		{71FFE710-13B5-49C7-BA2D-A1A423F4D9CC}.Release|Any CPU.Build.0 = Release|Any CPU
		{16C732FB-742E-4F7D-BBED-28CBDB2BED88}.Debug|Any CPU.ActiveCfg = Debug|Any CPU
		{16C732FB-742E-4F7D-BBED-28CBDB2BED88}.Debug|Any CPU.Build.0 = Debug|Any CPU
		{16C732FB-742E-4F7D-BBED-28CBDB2BED88}.Release|Any CPU.ActiveCfg = Release|Any CPU
		{16C732FB-742E-4F7D-BBED-28CBDB2BED88}.Release|Any CPU.Build.0 = Release|Any CPU
		{6886F084-E3D6-49AB-97CE-2A947E35DFF9}.Debug|Any CPU.ActiveCfg = Debug|Any CPU
		{6886F084-E3D6-49AB-97CE-2A947E35DFF9}.Debug|Any CPU.Build.0 = Debug|Any CPU
		{6886F084-E3D6-49AB-97CE-2A947E35DFF9}.Release|Any CPU.ActiveCfg = Release|Any CPU
		{6886F084-E3D6-49AB-97CE-2A947E35DFF9}.Release|Any CPU.Build.0 = Release|Any CPU
		{E7869029-02D7-4E31-9531-197983F52D79}.Debug|Any CPU.ActiveCfg = Debug|Any CPU
		{E7869029-02D7-4E31-9531-197983F52D79}.Debug|Any CPU.Build.0 = Debug|Any CPU
		{E7869029-02D7-4E31-9531-197983F52D79}.Release|Any CPU.ActiveCfg = Release|Any CPU
		{E7869029-02D7-4E31-9531-197983F52D79}.Release|Any CPU.Build.0 = Release|Any CPU
		{424D77E7-B3D9-4EC8-BE5B-D2803E07B676}.Debug|Any CPU.ActiveCfg = Debug|Any CPU
		{424D77E7-B3D9-4EC8-BE5B-D2803E07B676}.Debug|Any CPU.Build.0 = Debug|Any CPU
		{424D77E7-B3D9-4EC8-BE5B-D2803E07B676}.Release|Any CPU.ActiveCfg = Release|Any CPU
		{424D77E7-B3D9-4EC8-BE5B-D2803E07B676}.Release|Any CPU.Build.0 = Release|Any CPU
		{E89FAA5C-91C6-493F-A75F-C288ECD526FD}.Debug|Any CPU.ActiveCfg = Debug|Any CPU
		{E89FAA5C-91C6-493F-A75F-C288ECD526FD}.Debug|Any CPU.Build.0 = Debug|Any CPU
		{E89FAA5C-91C6-493F-A75F-C288ECD526FD}.Release|Any CPU.ActiveCfg = Release|Any CPU
		{E89FAA5C-91C6-493F-A75F-C288ECD526FD}.Release|Any CPU.Build.0 = Release|Any CPU
		{09546B89-6686-4C7A-B02E-646109EBBECB}.Debug|Any CPU.ActiveCfg = Debug|Any CPU
		{09546B89-6686-4C7A-B02E-646109EBBECB}.Debug|Any CPU.Build.0 = Debug|Any CPU
		{09546B89-6686-4C7A-B02E-646109EBBECB}.Release|Any CPU.ActiveCfg = Release|Any CPU
		{09546B89-6686-4C7A-B02E-646109EBBECB}.Release|Any CPU.Build.0 = Release|Any CPU
		{8ACE0FAA-7559-47AC-9537-0B0ECD4E902C}.Debug|Any CPU.ActiveCfg = Debug|Any CPU
		{8ACE0FAA-7559-47AC-9537-0B0ECD4E902C}.Debug|Any CPU.Build.0 = Debug|Any CPU
		{8ACE0FAA-7559-47AC-9537-0B0ECD4E902C}.Release|Any CPU.ActiveCfg = Release|Any CPU
		{8ACE0FAA-7559-47AC-9537-0B0ECD4E902C}.Release|Any CPU.Build.0 = Release|Any CPU
		{E1C6E633-1C49-4783-B569-17B9F48A571B}.Debug|Any CPU.ActiveCfg = Debug|Any CPU
		{E1C6E633-1C49-4783-B569-17B9F48A571B}.Debug|Any CPU.Build.0 = Debug|Any CPU
		{E1C6E633-1C49-4783-B569-17B9F48A571B}.Release|Any CPU.ActiveCfg = Release|Any CPU
		{E1C6E633-1C49-4783-B569-17B9F48A571B}.Release|Any CPU.Build.0 = Release|Any CPU
		{D9DB7F6F-9CCD-4376-AC85-B3A8C2DB9FF0}.Debug|Any CPU.ActiveCfg = Debug|Any CPU
		{D9DB7F6F-9CCD-4376-AC85-B3A8C2DB9FF0}.Debug|Any CPU.Build.0 = Debug|Any CPU
		{D9DB7F6F-9CCD-4376-AC85-B3A8C2DB9FF0}.Release|Any CPU.ActiveCfg = Release|Any CPU
		{D9DB7F6F-9CCD-4376-AC85-B3A8C2DB9FF0}.Release|Any CPU.Build.0 = Release|Any CPU
		{E4F6C9BF-288A-4553-BEB8-D7E26066899B}.Debug|Any CPU.ActiveCfg = Debug|Any CPU
		{E4F6C9BF-288A-4553-BEB8-D7E26066899B}.Debug|Any CPU.Build.0 = Debug|Any CPU
		{E4F6C9BF-288A-4553-BEB8-D7E26066899B}.Release|Any CPU.ActiveCfg = Release|Any CPU
		{E4F6C9BF-288A-4553-BEB8-D7E26066899B}.Release|Any CPU.Build.0 = Release|Any CPU
		{EFA7ECA2-36C9-4DA0-9E4A-F6C10FEC6A21}.Debug|Any CPU.ActiveCfg = Debug|Any CPU
		{EFA7ECA2-36C9-4DA0-9E4A-F6C10FEC6A21}.Debug|Any CPU.Build.0 = Debug|Any CPU
		{EFA7ECA2-36C9-4DA0-9E4A-F6C10FEC6A21}.Release|Any CPU.ActiveCfg = Release|Any CPU
		{EFA7ECA2-36C9-4DA0-9E4A-F6C10FEC6A21}.Release|Any CPU.Build.0 = Release|Any CPU
		{219383D8-B3D2-4E69-83D5-7650D56E44F8}.Debug|Any CPU.ActiveCfg = Debug|Any CPU
		{219383D8-B3D2-4E69-83D5-7650D56E44F8}.Debug|Any CPU.Build.0 = Debug|Any CPU
		{219383D8-B3D2-4E69-83D5-7650D56E44F8}.Release|Any CPU.ActiveCfg = Release|Any CPU
		{219383D8-B3D2-4E69-83D5-7650D56E44F8}.Release|Any CPU.Build.0 = Release|Any CPU
		{9E300ECF-1DDD-4DFC-BDC7-7FC5F6722E04}.Debug|Any CPU.ActiveCfg = Debug|Any CPU
		{9E300ECF-1DDD-4DFC-BDC7-7FC5F6722E04}.Debug|Any CPU.Build.0 = Debug|Any CPU
		{9E300ECF-1DDD-4DFC-BDC7-7FC5F6722E04}.Release|Any CPU.ActiveCfg = Release|Any CPU
		{9E300ECF-1DDD-4DFC-BDC7-7FC5F6722E04}.Release|Any CPU.Build.0 = Release|Any CPU
		{4464A372-004B-4CA2-B7F4-A4E62138C138}.Debug|Any CPU.ActiveCfg = Debug|Any CPU
		{4464A372-004B-4CA2-B7F4-A4E62138C138}.Debug|Any CPU.Build.0 = Debug|Any CPU
		{4464A372-004B-4CA2-B7F4-A4E62138C138}.Release|Any CPU.ActiveCfg = Release|Any CPU
		{4464A372-004B-4CA2-B7F4-A4E62138C138}.Release|Any CPU.Build.0 = Release|Any CPU
		{A08D6023-CD55-426D-BF6E-37AF3FE24578}.Debug|Any CPU.ActiveCfg = Debug|Any CPU
		{A08D6023-CD55-426D-BF6E-37AF3FE24578}.Debug|Any CPU.Build.0 = Debug|Any CPU
		{A08D6023-CD55-426D-BF6E-37AF3FE24578}.Release|Any CPU.ActiveCfg = Release|Any CPU
		{A08D6023-CD55-426D-BF6E-37AF3FE24578}.Release|Any CPU.Build.0 = Release|Any CPU
		{34F6443F-8F7B-4C03-B2C1-A137791491D9}.Debug|Any CPU.ActiveCfg = Debug|Any CPU
		{34F6443F-8F7B-4C03-B2C1-A137791491D9}.Debug|Any CPU.Build.0 = Debug|Any CPU
		{34F6443F-8F7B-4C03-B2C1-A137791491D9}.Release|Any CPU.ActiveCfg = Release|Any CPU
		{34F6443F-8F7B-4C03-B2C1-A137791491D9}.Release|Any CPU.Build.0 = Release|Any CPU
	EndGlobalSection
	GlobalSection(SolutionProperties) = preSolution
		HideSolutionNode = FALSE
	EndGlobalSection
	GlobalSection(ExtensibilityGlobals) = postSolution
		SolutionGuid = {FB55C121-A43D-49AE-9BE6-1332927CAE04}
	EndGlobalSection
EndGlobal
